lockfileVersion: '9.0'

settings:
  autoInstallPeers: true
  excludeLinksFromLockfile: false

importers:

  .:
    dependencies:
      leaflet-defaulticon-compatibility:
        specifier: ^0.1.2
        version: 0.1.2

packages:

  leaflet-defaulticon-compatibility@0.1.2:
    resolution: {integrity: sha512-IrKagWxkTwzxUkFIumy/Zmo3ksjuAu3zEadtOuJcKzuXaD76Gwvg2Z1mLyx7y52ykOzM8rAH5ChBs4DnfdGa6Q==}

snapshots:

  leaflet-defaulticon-compatibility@0.1.2: {}
